
Microsoft Visual Studio Solution File, Format Version 12.00
# Visual Studio 14
VisualStudioVersion = 14.0.25420.1
MinimumVisualStudioVersion = 10.0.40219.1
Project("{FAE04EC0-301F-11D3-BF4B-00C04F79EFBC}") = "EvokeDish", "EvokeDish\EvokeDish\EvokeDish.csproj", "{3D33F732-8DD8-47DD-B757-DD2EA7EE5B4B}"
EndProject
Project("{FAE04EC0-301F-11D3-BF4B-00C04F79EFBC}") = "EvokeDish.Droid", "EvokeDish\EvokeDish.Droid\EvokeDish.Droid.csproj", "{A3E87126-06D4-4537-AB17-71C3C4466F8B}"
EndProject
Project("{FAE04EC0-301F-11D3-BF4B-00C04F79EFBC}") = "EvokeDish.iOS", "EvokeDish\EvokeDish.iOS\EvokeDish.iOS.csproj", "{70776AF6-04CF-4204-9D4C-FB8F510BB681}"
EndProject
Project("{2150E333-8FDC-42A3-9474-1A3956D46DE8}") = "Common", "Common", "{4AA68903-1C69-48CF-A233-B1378ED68EED}"
EndProject
Project("{FAE04EC0-301F-11D3-BF4B-00C04F79EFBC}") = "EvokeDish.ModelContracts", "EvokeDish.ModelContracts\EvokeDish.ModelContracts.csproj", "{67F9D3A8-F71E-4428-913F-C37AE82CDB24}"
EndProject
Project("{FAE04EC0-301F-11D3-BF4B-00C04F79EFBC}") = "EvokeDish.Models", "EvokeDish.Models\EvokeDish.Models.csproj", "{967C3C5B-0449-44C9-AEE3-87647427F63B}"
EndProject
Project("{FAE04EC0-301F-11D3-BF4B-00C04F79EFBC}") = "EvokeDish.Abstractions", "EvokeDish.Abstractions\EvokeDish.Abstractions.csproj", "{D14909D1-94B5-4BAC-8357-5B851058ECD3}"
EndProject
Project("{FAE04EC0-301F-11D3-BF4B-00C04F79EFBC}") = "EvokeDish.Data", "EvokeDish.Data\EvokeDish.Data.csproj", "{A59B31A4-7B3A-4E98-A1B7-5D1DC708400C}"
EndProject
Project("{FAE04EC0-301F-11D3-BF4B-00C04F79EFBC}") = "EvokeDish.Util", "EvokeDish.Util\EvokeDish.Util.csproj", "{B48E500F-C5A6-4FAB-9B91-366B06D4B548}"
EndProject
Project("{FAE04EC0-301F-11D3-BF4B-00C04F79EFBC}") = "EvokeDish.Common.Droid", "EvokeDish.Common.Droid\EvokeDish.Common.Droid.csproj", "{CFDD282D-C0E4-48BC-80FD-76A159F05588}"
EndProject
Global
	GlobalSection(SolutionConfigurationPlatforms) = preSolution
		Ad-Hoc|Any CPU = Ad-Hoc|Any CPU
		Ad-Hoc|ARM = Ad-Hoc|ARM
		Ad-Hoc|iPhone = Ad-Hoc|iPhone
		Ad-Hoc|iPhoneSimulator = Ad-Hoc|iPhoneSimulator
		Ad-Hoc|x64 = Ad-Hoc|x64
		Ad-Hoc|x86 = Ad-Hoc|x86
		AppStore|Any CPU = AppStore|Any CPU
		AppStore|ARM = AppStore|ARM
		AppStore|iPhone = AppStore|iPhone
		AppStore|iPhoneSimulator = AppStore|iPhoneSimulator
		AppStore|x64 = AppStore|x64
		AppStore|x86 = AppStore|x86
		Debug|Any CPU = Debug|Any CPU
		Debug|ARM = Debug|ARM
		Debug|iPhone = Debug|iPhone
		Debug|iPhoneSimulator = Debug|iPhoneSimulator
		Debug|x64 = Debug|x64
		Debug|x86 = Debug|x86
		Release|Any CPU = Release|Any CPU
		Release|ARM = Release|ARM
		Release|iPhone = Release|iPhone
		Release|iPhoneSimulator = Release|iPhoneSimulator
		Release|x64 = Release|x64
		Release|x86 = Release|x86
	EndGlobalSection
	GlobalSection(ProjectConfigurationPlatforms) = postSolution
		{3D33F732-8DD8-47DD-B757-DD2EA7EE5B4B}.Ad-Hoc|Any CPU.ActiveCfg = Release|Any CPU
		{3D33F732-8DD8-47DD-B757-DD2EA7EE5B4B}.Ad-Hoc|Any CPU.Build.0 = Release|Any CPU
		{3D33F732-8DD8-47DD-B757-DD2EA7EE5B4B}.Ad-Hoc|ARM.ActiveCfg = Release|Any CPU
		{3D33F732-8DD8-47DD-B757-DD2EA7EE5B4B}.Ad-Hoc|ARM.Build.0 = Release|Any CPU
		{3D33F732-8DD8-47DD-B757-DD2EA7EE5B4B}.Ad-Hoc|iPhone.ActiveCfg = Release|Any CPU
		{3D33F732-8DD8-47DD-B757-DD2EA7EE5B4B}.Ad-Hoc|iPhone.Build.0 = Release|Any CPU
		{3D33F732-8DD8-47DD-B757-DD2EA7EE5B4B}.Ad-Hoc|iPhoneSimulator.ActiveCfg = Release|Any CPU
		{3D33F732-8DD8-47DD-B757-DD2EA7EE5B4B}.Ad-Hoc|iPhoneSimulator.Build.0 = Release|Any CPU
		{3D33F732-8DD8-47DD-B757-DD2EA7EE5B4B}.Ad-Hoc|x64.ActiveCfg = Release|Any CPU
		{3D33F732-8DD8-47DD-B757-DD2EA7EE5B4B}.Ad-Hoc|x64.Build.0 = Release|Any CPU
		{3D33F732-8DD8-47DD-B757-DD2EA7EE5B4B}.Ad-Hoc|x86.ActiveCfg = Release|Any CPU
		{3D33F732-8DD8-47DD-B757-DD2EA7EE5B4B}.Ad-Hoc|x86.Build.0 = Release|Any CPU
		{3D33F732-8DD8-47DD-B757-DD2EA7EE5B4B}.AppStore|Any CPU.ActiveCfg = Release|Any CPU
		{3D33F732-8DD8-47DD-B757-DD2EA7EE5B4B}.AppStore|Any CPU.Build.0 = Release|Any CPU
		{3D33F732-8DD8-47DD-B757-DD2EA7EE5B4B}.AppStore|ARM.ActiveCfg = Release|Any CPU
		{3D33F732-8DD8-47DD-B757-DD2EA7EE5B4B}.AppStore|ARM.Build.0 = Release|Any CPU
		{3D33F732-8DD8-47DD-B757-DD2EA7EE5B4B}.AppStore|iPhone.ActiveCfg = Release|Any CPU
		{3D33F732-8DD8-47DD-B757-DD2EA7EE5B4B}.AppStore|iPhone.Build.0 = Release|Any CPU
		{3D33F732-8DD8-47DD-B757-DD2EA7EE5B4B}.AppStore|iPhoneSimulator.ActiveCfg = Release|Any CPU
		{3D33F732-8DD8-47DD-B757-DD2EA7EE5B4B}.AppStore|iPhoneSimulator.Build.0 = Release|Any CPU
		{3D33F732-8DD8-47DD-B757-DD2EA7EE5B4B}.AppStore|x64.ActiveCfg = Release|Any CPU
		{3D33F732-8DD8-47DD-B757-DD2EA7EE5B4B}.AppStore|x64.Build.0 = Release|Any CPU
		{3D33F732-8DD8-47DD-B757-DD2EA7EE5B4B}.AppStore|x86.ActiveCfg = Release|Any CPU
		{3D33F732-8DD8-47DD-B757-DD2EA7EE5B4B}.AppStore|x86.Build.0 = Release|Any CPU
		{3D33F732-8DD8-47DD-B757-DD2EA7EE5B4B}.Debug|Any CPU.ActiveCfg = Debug|Any CPU
		{3D33F732-8DD8-47DD-B757-DD2EA7EE5B4B}.Debug|Any CPU.Build.0 = Debug|Any CPU
		{3D33F732-8DD8-47DD-B757-DD2EA7EE5B4B}.Debug|ARM.ActiveCfg = Debug|Any CPU
		{3D33F732-8DD8-47DD-B757-DD2EA7EE5B4B}.Debug|ARM.Build.0 = Debug|Any CPU
		{3D33F732-8DD8-47DD-B757-DD2EA7EE5B4B}.Debug|iPhone.ActiveCfg = Debug|Any CPU
		{3D33F732-8DD8-47DD-B757-DD2EA7EE5B4B}.Debug|iPhone.Build.0 = Debug|Any CPU
		{3D33F732-8DD8-47DD-B757-DD2EA7EE5B4B}.Debug|iPhoneSimulator.ActiveCfg = Debug|Any CPU
		{3D33F732-8DD8-47DD-B757-DD2EA7EE5B4B}.Debug|iPhoneSimulator.Build.0 = Debug|Any CPU
		{3D33F732-8DD8-47DD-B757-DD2EA7EE5B4B}.Debug|x64.ActiveCfg = Debug|Any CPU
		{3D33F732-8DD8-47DD-B757-DD2EA7EE5B4B}.Debug|x64.Build.0 = Debug|Any CPU
		{3D33F732-8DD8-47DD-B757-DD2EA7EE5B4B}.Debug|x86.ActiveCfg = Debug|Any CPU
		{3D33F732-8DD8-47DD-B757-DD2EA7EE5B4B}.Debug|x86.Build.0 = Debug|Any CPU
		{3D33F732-8DD8-47DD-B757-DD2EA7EE5B4B}.Release|Any CPU.ActiveCfg = Release|Any CPU
		{3D33F732-8DD8-47DD-B757-DD2EA7EE5B4B}.Release|Any CPU.Build.0 = Release|Any CPU
		{3D33F732-8DD8-47DD-B757-DD2EA7EE5B4B}.Release|ARM.ActiveCfg = Release|Any CPU
		{3D33F732-8DD8-47DD-B757-DD2EA7EE5B4B}.Release|ARM.Build.0 = Release|Any CPU
		{3D33F732-8DD8-47DD-B757-DD2EA7EE5B4B}.Release|iPhone.ActiveCfg = Release|Any CPU
		{3D33F732-8DD8-47DD-B757-DD2EA7EE5B4B}.Release|iPhone.Build.0 = Release|Any CPU
		{3D33F732-8DD8-47DD-B757-DD2EA7EE5B4B}.Release|iPhoneSimulator.ActiveCfg = Release|Any CPU
		{3D33F732-8DD8-47DD-B757-DD2EA7EE5B4B}.Release|iPhoneSimulator.Build.0 = Release|Any CPU
		{3D33F732-8DD8-47DD-B757-DD2EA7EE5B4B}.Release|x64.ActiveCfg = Release|Any CPU
		{3D33F732-8DD8-47DD-B757-DD2EA7EE5B4B}.Release|x64.Build.0 = Release|Any CPU
		{3D33F732-8DD8-47DD-B757-DD2EA7EE5B4B}.Release|x86.ActiveCfg = Release|Any CPU
		{3D33F732-8DD8-47DD-B757-DD2EA7EE5B4B}.Release|x86.Build.0 = Release|Any CPU
		{A3E87126-06D4-4537-AB17-71C3C4466F8B}.Ad-Hoc|Any CPU.ActiveCfg = Release|Any CPU
		{A3E87126-06D4-4537-AB17-71C3C4466F8B}.Ad-Hoc|Any CPU.Build.0 = Release|Any CPU
		{A3E87126-06D4-4537-AB17-71C3C4466F8B}.Ad-Hoc|Any CPU.Deploy.0 = Release|Any CPU
		{A3E87126-06D4-4537-AB17-71C3C4466F8B}.Ad-Hoc|ARM.ActiveCfg = Release|Any CPU
		{A3E87126-06D4-4537-AB17-71C3C4466F8B}.Ad-Hoc|ARM.Build.0 = Release|Any CPU
		{A3E87126-06D4-4537-AB17-71C3C4466F8B}.Ad-Hoc|ARM.Deploy.0 = Release|Any CPU
		{A3E87126-06D4-4537-AB17-71C3C4466F8B}.Ad-Hoc|iPhone.ActiveCfg = Release|Any CPU
		{A3E87126-06D4-4537-AB17-71C3C4466F8B}.Ad-Hoc|iPhone.Build.0 = Release|Any CPU
		{A3E87126-06D4-4537-AB17-71C3C4466F8B}.Ad-Hoc|iPhone.Deploy.0 = Release|Any CPU
		{A3E87126-06D4-4537-AB17-71C3C4466F8B}.Ad-Hoc|iPhoneSimulator.ActiveCfg = Release|Any CPU
		{A3E87126-06D4-4537-AB17-71C3C4466F8B}.Ad-Hoc|iPhoneSimulator.Build.0 = Release|Any CPU
		{A3E87126-06D4-4537-AB17-71C3C4466F8B}.Ad-Hoc|iPhoneSimulator.Deploy.0 = Release|Any CPU
		{A3E87126-06D4-4537-AB17-71C3C4466F8B}.Ad-Hoc|x64.ActiveCfg = Release|Any CPU
		{A3E87126-06D4-4537-AB17-71C3C4466F8B}.Ad-Hoc|x64.Build.0 = Release|Any CPU
		{A3E87126-06D4-4537-AB17-71C3C4466F8B}.Ad-Hoc|x64.Deploy.0 = Release|Any CPU
		{A3E87126-06D4-4537-AB17-71C3C4466F8B}.Ad-Hoc|x86.ActiveCfg = Release|Any CPU
		{A3E87126-06D4-4537-AB17-71C3C4466F8B}.Ad-Hoc|x86.Build.0 = Release|Any CPU
		{A3E87126-06D4-4537-AB17-71C3C4466F8B}.Ad-Hoc|x86.Deploy.0 = Release|Any CPU
		{A3E87126-06D4-4537-AB17-71C3C4466F8B}.AppStore|Any CPU.ActiveCfg = Release|Any CPU
		{A3E87126-06D4-4537-AB17-71C3C4466F8B}.AppStore|Any CPU.Build.0 = Release|Any CPU
		{A3E87126-06D4-4537-AB17-71C3C4466F8B}.AppStore|Any CPU.Deploy.0 = Release|Any CPU
		{A3E87126-06D4-4537-AB17-71C3C4466F8B}.AppStore|ARM.ActiveCfg = Release|Any CPU
		{A3E87126-06D4-4537-AB17-71C3C4466F8B}.AppStore|ARM.Build.0 = Release|Any CPU
		{A3E87126-06D4-4537-AB17-71C3C4466F8B}.AppStore|ARM.Deploy.0 = Release|Any CPU
		{A3E87126-06D4-4537-AB17-71C3C4466F8B}.AppStore|iPhone.ActiveCfg = Release|Any CPU
		{A3E87126-06D4-4537-AB17-71C3C4466F8B}.AppStore|iPhone.Build.0 = Release|Any CPU
		{A3E87126-06D4-4537-AB17-71C3C4466F8B}.AppStore|iPhone.Deploy.0 = Release|Any CPU
		{A3E87126-06D4-4537-AB17-71C3C4466F8B}.AppStore|iPhoneSimulator.ActiveCfg = Release|Any CPU
		{A3E87126-06D4-4537-AB17-71C3C4466F8B}.AppStore|iPhoneSimulator.Build.0 = Release|Any CPU
		{A3E87126-06D4-4537-AB17-71C3C4466F8B}.AppStore|iPhoneSimulator.Deploy.0 = Release|Any CPU
		{A3E87126-06D4-4537-AB17-71C3C4466F8B}.AppStore|x64.ActiveCfg = Release|Any CPU
		{A3E87126-06D4-4537-AB17-71C3C4466F8B}.AppStore|x64.Build.0 = Release|Any CPU
		{A3E87126-06D4-4537-AB17-71C3C4466F8B}.AppStore|x64.Deploy.0 = Release|Any CPU
		{A3E87126-06D4-4537-AB17-71C3C4466F8B}.AppStore|x86.ActiveCfg = Release|Any CPU
		{A3E87126-06D4-4537-AB17-71C3C4466F8B}.AppStore|x86.Build.0 = Release|Any CPU
		{A3E87126-06D4-4537-AB17-71C3C4466F8B}.AppStore|x86.Deploy.0 = Release|Any CPU
		{A3E87126-06D4-4537-AB17-71C3C4466F8B}.Debug|Any CPU.ActiveCfg = Debug|Any CPU
		{A3E87126-06D4-4537-AB17-71C3C4466F8B}.Debug|Any CPU.Build.0 = Debug|Any CPU
		{A3E87126-06D4-4537-AB17-71C3C4466F8B}.Debug|Any CPU.Deploy.0 = Debug|Any CPU
		{A3E87126-06D4-4537-AB17-71C3C4466F8B}.Debug|ARM.ActiveCfg = Debug|Any CPU
		{A3E87126-06D4-4537-AB17-71C3C4466F8B}.Debug|ARM.Build.0 = Debug|Any CPU
		{A3E87126-06D4-4537-AB17-71C3C4466F8B}.Debug|ARM.Deploy.0 = Debug|Any CPU
		{A3E87126-06D4-4537-AB17-71C3C4466F8B}.Debug|iPhone.ActiveCfg = Debug|Any CPU
		{A3E87126-06D4-4537-AB17-71C3C4466F8B}.Debug|iPhone.Build.0 = Debug|Any CPU
		{A3E87126-06D4-4537-AB17-71C3C4466F8B}.Debug|iPhone.Deploy.0 = Debug|Any CPU
		{A3E87126-06D4-4537-AB17-71C3C4466F8B}.Debug|iPhoneSimulator.ActiveCfg = Debug|Any CPU
		{A3E87126-06D4-4537-AB17-71C3C4466F8B}.Debug|iPhoneSimulator.Build.0 = Debug|Any CPU
		{A3E87126-06D4-4537-AB17-71C3C4466F8B}.Debug|iPhoneSimulator.Deploy.0 = Debug|Any CPU
		{A3E87126-06D4-4537-AB17-71C3C4466F8B}.Debug|x64.ActiveCfg = Debug|Any CPU
		{A3E87126-06D4-4537-AB17-71C3C4466F8B}.Debug|x64.Build.0 = Debug|Any CPU
		{A3E87126-06D4-4537-AB17-71C3C4466F8B}.Debug|x64.Deploy.0 = Debug|Any CPU
		{A3E87126-06D4-4537-AB17-71C3C4466F8B}.Debug|x86.ActiveCfg = Debug|Any CPU
		{A3E87126-06D4-4537-AB17-71C3C4466F8B}.Debug|x86.Build.0 = Debug|Any CPU
		{A3E87126-06D4-4537-AB17-71C3C4466F8B}.Debug|x86.Deploy.0 = Debug|Any CPU
		{A3E87126-06D4-4537-AB17-71C3C4466F8B}.Release|Any CPU.ActiveCfg = Release|Any CPU
		{A3E87126-06D4-4537-AB17-71C3C4466F8B}.Release|Any CPU.Build.0 = Release|Any CPU
		{A3E87126-06D4-4537-AB17-71C3C4466F8B}.Release|Any CPU.Deploy.0 = Release|Any CPU
		{A3E87126-06D4-4537-AB17-71C3C4466F8B}.Release|ARM.ActiveCfg = Release|Any CPU
		{A3E87126-06D4-4537-AB17-71C3C4466F8B}.Release|ARM.Build.0 = Release|Any CPU
		{A3E87126-06D4-4537-AB17-71C3C4466F8B}.Release|ARM.Deploy.0 = Release|Any CPU
		{A3E87126-06D4-4537-AB17-71C3C4466F8B}.Release|iPhone.ActiveCfg = Release|Any CPU
		{A3E87126-06D4-4537-AB17-71C3C4466F8B}.Release|iPhone.Build.0 = Release|Any CPU
		{A3E87126-06D4-4537-AB17-71C3C4466F8B}.Release|iPhone.Deploy.0 = Release|Any CPU
		{A3E87126-06D4-4537-AB17-71C3C4466F8B}.Release|iPhoneSimulator.ActiveCfg = Release|Any CPU
		{A3E87126-06D4-4537-AB17-71C3C4466F8B}.Release|iPhoneSimulator.Build.0 = Release|Any CPU
		{A3E87126-06D4-4537-AB17-71C3C4466F8B}.Release|iPhoneSimulator.Deploy.0 = Release|Any CPU
		{A3E87126-06D4-4537-AB17-71C3C4466F8B}.Release|x64.ActiveCfg = Release|Any CPU
		{A3E87126-06D4-4537-AB17-71C3C4466F8B}.Release|x64.Build.0 = Release|Any CPU
		{A3E87126-06D4-4537-AB17-71C3C4466F8B}.Release|x64.Deploy.0 = Release|Any CPU
		{A3E87126-06D4-4537-AB17-71C3C4466F8B}.Release|x86.ActiveCfg = Release|Any CPU
		{A3E87126-06D4-4537-AB17-71C3C4466F8B}.Release|x86.Build.0 = Release|Any CPU
		{A3E87126-06D4-4537-AB17-71C3C4466F8B}.Release|x86.Deploy.0 = Release|Any CPU
		{70776AF6-04CF-4204-9D4C-FB8F510BB681}.Ad-Hoc|Any CPU.ActiveCfg = Ad-Hoc|iPhone
		{70776AF6-04CF-4204-9D4C-FB8F510BB681}.Ad-Hoc|ARM.ActiveCfg = Ad-Hoc|iPhone
		{70776AF6-04CF-4204-9D4C-FB8F510BB681}.Ad-Hoc|iPhone.ActiveCfg = Ad-Hoc|iPhone
		{70776AF6-04CF-4204-9D4C-FB8F510BB681}.Ad-Hoc|iPhone.Build.0 = Ad-Hoc|iPhone
		{70776AF6-04CF-4204-9D4C-FB8F510BB681}.Ad-Hoc|iPhoneSimulator.ActiveCfg = Ad-Hoc|iPhoneSimulator
		{70776AF6-04CF-4204-9D4C-FB8F510BB681}.Ad-Hoc|iPhoneSimulator.Build.0 = Ad-Hoc|iPhoneSimulator
		{70776AF6-04CF-4204-9D4C-FB8F510BB681}.Ad-Hoc|x64.ActiveCfg = Ad-Hoc|iPhone
		{70776AF6-04CF-4204-9D4C-FB8F510BB681}.Ad-Hoc|x86.ActiveCfg = Ad-Hoc|iPhone
		{70776AF6-04CF-4204-9D4C-FB8F510BB681}.AppStore|Any CPU.ActiveCfg = AppStore|iPhone
		{70776AF6-04CF-4204-9D4C-FB8F510BB681}.AppStore|ARM.ActiveCfg = AppStore|iPhone
		{70776AF6-04CF-4204-9D4C-FB8F510BB681}.AppStore|iPhone.ActiveCfg = AppStore|iPhone
		{70776AF6-04CF-4204-9D4C-FB8F510BB681}.AppStore|iPhone.Build.0 = AppStore|iPhone
		{70776AF6-04CF-4204-9D4C-FB8F510BB681}.AppStore|iPhoneSimulator.ActiveCfg = AppStore|iPhoneSimulator
		{70776AF6-04CF-4204-9D4C-FB8F510BB681}.AppStore|iPhoneSimulator.Build.0 = AppStore|iPhoneSimulator
		{70776AF6-04CF-4204-9D4C-FB8F510BB681}.AppStore|x64.ActiveCfg = AppStore|iPhone
		{70776AF6-04CF-4204-9D4C-FB8F510BB681}.AppStore|x86.ActiveCfg = AppStore|iPhone
		{70776AF6-04CF-4204-9D4C-FB8F510BB681}.Debug|Any CPU.ActiveCfg = Debug|iPhone
		{70776AF6-04CF-4204-9D4C-FB8F510BB681}.Debug|ARM.ActiveCfg = Debug|iPhone
		{70776AF6-04CF-4204-9D4C-FB8F510BB681}.Debug|iPhone.ActiveCfg = Debug|iPhone
		{70776AF6-04CF-4204-9D4C-FB8F510BB681}.Debug|iPhone.Build.0 = Debug|iPhone
		{70776AF6-04CF-4204-9D4C-FB8F510BB681}.Debug|iPhoneSimulator.ActiveCfg = Debug|iPhoneSimulator
		{70776AF6-04CF-4204-9D4C-FB8F510BB681}.Debug|iPhoneSimulator.Build.0 = Debug|iPhoneSimulator
		{70776AF6-04CF-4204-9D4C-FB8F510BB681}.Debug|x64.ActiveCfg = Debug|iPhone
		{70776AF6-04CF-4204-9D4C-FB8F510BB681}.Debug|x86.ActiveCfg = Debug|iPhone
		{70776AF6-04CF-4204-9D4C-FB8F510BB681}.Release|Any CPU.ActiveCfg = Release|iPhone
		{70776AF6-04CF-4204-9D4C-FB8F510BB681}.Release|ARM.ActiveCfg = Release|iPhone
		{70776AF6-04CF-4204-9D4C-FB8F510BB681}.Release|iPhone.ActiveCfg = Release|iPhone
		{70776AF6-04CF-4204-9D4C-FB8F510BB681}.Release|iPhone.Build.0 = Release|iPhone
		{70776AF6-04CF-4204-9D4C-FB8F510BB681}.Release|iPhoneSimulator.ActiveCfg = Release|iPhoneSimulator
		{70776AF6-04CF-4204-9D4C-FB8F510BB681}.Release|iPhoneSimulator.Build.0 = Release|iPhoneSimulator
		{70776AF6-04CF-4204-9D4C-FB8F510BB681}.Release|x64.ActiveCfg = Release|iPhone
		{70776AF6-04CF-4204-9D4C-FB8F510BB681}.Release|x86.ActiveCfg = Release|iPhone
		{67F9D3A8-F71E-4428-913F-C37AE82CDB24}.Ad-Hoc|Any CPU.ActiveCfg = Release|Any CPU
		{67F9D3A8-F71E-4428-913F-C37AE82CDB24}.Ad-Hoc|Any CPU.Build.0 = Release|Any CPU
		{67F9D3A8-F71E-4428-913F-C37AE82CDB24}.Ad-Hoc|ARM.ActiveCfg = Release|Any CPU
		{67F9D3A8-F71E-4428-913F-C37AE82CDB24}.Ad-Hoc|ARM.Build.0 = Release|Any CPU
		{67F9D3A8-F71E-4428-913F-C37AE82CDB24}.Ad-Hoc|iPhone.ActiveCfg = Release|Any CPU
		{67F9D3A8-F71E-4428-913F-C37AE82CDB24}.Ad-Hoc|iPhone.Build.0 = Release|Any CPU
		{67F9D3A8-F71E-4428-913F-C37AE82CDB24}.Ad-Hoc|iPhoneSimulator.ActiveCfg = Release|Any CPU
		{67F9D3A8-F71E-4428-913F-C37AE82CDB24}.Ad-Hoc|iPhoneSimulator.Build.0 = Release|Any CPU
		{67F9D3A8-F71E-4428-913F-C37AE82CDB24}.Ad-Hoc|x64.ActiveCfg = Release|Any CPU
		{67F9D3A8-F71E-4428-913F-C37AE82CDB24}.Ad-Hoc|x64.Build.0 = Release|Any CPU
		{67F9D3A8-F71E-4428-913F-C37AE82CDB24}.Ad-Hoc|x86.ActiveCfg = Release|Any CPU
		{67F9D3A8-F71E-4428-913F-C37AE82CDB24}.Ad-Hoc|x86.Build.0 = Release|Any CPU
		{67F9D3A8-F71E-4428-913F-C37AE82CDB24}.AppStore|Any CPU.ActiveCfg = Release|Any CPU
		{67F9D3A8-F71E-4428-913F-C37AE82CDB24}.AppStore|Any CPU.Build.0 = Release|Any CPU
		{67F9D3A8-F71E-4428-913F-C37AE82CDB24}.AppStore|ARM.ActiveCfg = Release|Any CPU
		{67F9D3A8-F71E-4428-913F-C37AE82CDB24}.AppStore|ARM.Build.0 = Release|Any CPU
		{67F9D3A8-F71E-4428-913F-C37AE82CDB24}.AppStore|iPhone.ActiveCfg = Release|Any CPU
		{67F9D3A8-F71E-4428-913F-C37AE82CDB24}.AppStore|iPhone.Build.0 = Release|Any CPU
		{67F9D3A8-F71E-4428-913F-C37AE82CDB24}.AppStore|iPhoneSimulator.ActiveCfg = Release|Any CPU
		{67F9D3A8-F71E-4428-913F-C37AE82CDB24}.AppStore|iPhoneSimulator.Build.0 = Release|Any CPU
		{67F9D3A8-F71E-4428-913F-C37AE82CDB24}.AppStore|x64.ActiveCfg = Release|Any CPU
		{67F9D3A8-F71E-4428-913F-C37AE82CDB24}.AppStore|x64.Build.0 = Release|Any CPU
		{67F9D3A8-F71E-4428-913F-C37AE82CDB24}.AppStore|x86.ActiveCfg = Release|Any CPU
		{67F9D3A8-F71E-4428-913F-C37AE82CDB24}.AppStore|x86.Build.0 = Release|Any CPU
		{67F9D3A8-F71E-4428-913F-C37AE82CDB24}.Debug|Any CPU.ActiveCfg = Debug|Any CPU
		{67F9D3A8-F71E-4428-913F-C37AE82CDB24}.Debug|Any CPU.Build.0 = Debug|Any CPU
		{67F9D3A8-F71E-4428-913F-C37AE82CDB24}.Debug|ARM.ActiveCfg = Debug|Any CPU
		{67F9D3A8-F71E-4428-913F-C37AE82CDB24}.Debug|ARM.Build.0 = Debug|Any CPU
		{67F9D3A8-F71E-4428-913F-C37AE82CDB24}.Debug|iPhone.ActiveCfg = Debug|Any CPU
		{67F9D3A8-F71E-4428-913F-C37AE82CDB24}.Debug|iPhone.Build.0 = Debug|Any CPU
		{67F9D3A8-F71E-4428-913F-C37AE82CDB24}.Debug|iPhoneSimulator.ActiveCfg = Debug|Any CPU
		{67F9D3A8-F71E-4428-913F-C37AE82CDB24}.Debug|iPhoneSimulator.Build.0 = Debug|Any CPU
		{67F9D3A8-F71E-4428-913F-C37AE82CDB24}.Debug|x64.ActiveCfg = Debug|Any CPU
		{67F9D3A8-F71E-4428-913F-C37AE82CDB24}.Debug|x64.Build.0 = Debug|Any CPU
		{67F9D3A8-F71E-4428-913F-C37AE82CDB24}.Debug|x86.ActiveCfg = Debug|Any CPU
		{67F9D3A8-F71E-4428-913F-C37AE82CDB24}.Debug|x86.Build.0 = Debug|Any CPU
		{67F9D3A8-F71E-4428-913F-C37AE82CDB24}.Release|Any CPU.ActiveCfg = Release|Any CPU
		{67F9D3A8-F71E-4428-913F-C37AE82CDB24}.Release|Any CPU.Build.0 = Release|Any CPU
		{67F9D3A8-F71E-4428-913F-C37AE82CDB24}.Release|ARM.ActiveCfg = Release|Any CPU
		{67F9D3A8-F71E-4428-913F-C37AE82CDB24}.Release|ARM.Build.0 = Release|Any CPU
		{67F9D3A8-F71E-4428-913F-C37AE82CDB24}.Release|iPhone.ActiveCfg = Release|Any CPU
		{67F9D3A8-F71E-4428-913F-C37AE82CDB24}.Release|iPhone.Build.0 = Release|Any CPU
		{67F9D3A8-F71E-4428-913F-C37AE82CDB24}.Release|iPhoneSimulator.ActiveCfg = Release|Any CPU
		{67F9D3A8-F71E-4428-913F-C37AE82CDB24}.Release|iPhoneSimulator.Build.0 = Release|Any CPU
		{67F9D3A8-F71E-4428-913F-C37AE82CDB24}.Release|x64.ActiveCfg = Release|Any CPU
		{67F9D3A8-F71E-4428-913F-C37AE82CDB24}.Release|x64.Build.0 = Release|Any CPU
		{67F9D3A8-F71E-4428-913F-C37AE82CDB24}.Release|x86.ActiveCfg = Release|Any CPU
		{67F9D3A8-F71E-4428-913F-C37AE82CDB24}.Release|x86.Build.0 = Release|Any CPU
		{967C3C5B-0449-44C9-AEE3-87647427F63B}.Ad-Hoc|Any CPU.ActiveCfg = Release|Any CPU
		{967C3C5B-0449-44C9-AEE3-87647427F63B}.Ad-Hoc|Any CPU.Build.0 = Release|Any CPU
		{967C3C5B-0449-44C9-AEE3-87647427F63B}.Ad-Hoc|ARM.ActiveCfg = Release|Any CPU
		{967C3C5B-0449-44C9-AEE3-87647427F63B}.Ad-Hoc|ARM.Build.0 = Release|Any CPU
		{967C3C5B-0449-44C9-AEE3-87647427F63B}.Ad-Hoc|iPhone.ActiveCfg = Release|Any CPU
		{967C3C5B-0449-44C9-AEE3-87647427F63B}.Ad-Hoc|iPhone.Build.0 = Release|Any CPU
		{967C3C5B-0449-44C9-AEE3-87647427F63B}.Ad-Hoc|iPhoneSimulator.ActiveCfg = Release|Any CPU
		{967C3C5B-0449-44C9-AEE3-87647427F63B}.Ad-Hoc|iPhoneSimulator.Build.0 = Release|Any CPU
		{967C3C5B-0449-44C9-AEE3-87647427F63B}.Ad-Hoc|x64.ActiveCfg = Release|Any CPU
		{967C3C5B-0449-44C9-AEE3-87647427F63B}.Ad-Hoc|x64.Build.0 = Release|Any CPU
		{967C3C5B-0449-44C9-AEE3-87647427F63B}.Ad-Hoc|x86.ActiveCfg = Release|Any CPU
		{967C3C5B-0449-44C9-AEE3-87647427F63B}.Ad-Hoc|x86.Build.0 = Release|Any CPU
		{967C3C5B-0449-44C9-AEE3-87647427F63B}.AppStore|Any CPU.ActiveCfg = Release|Any CPU
		{967C3C5B-0449-44C9-AEE3-87647427F63B}.AppStore|Any CPU.Build.0 = Release|Any CPU
		{967C3C5B-0449-44C9-AEE3-87647427F63B}.AppStore|ARM.ActiveCfg = Release|Any CPU
		{967C3C5B-0449-44C9-AEE3-87647427F63B}.AppStore|ARM.Build.0 = Release|Any CPU
		{967C3C5B-0449-44C9-AEE3-87647427F63B}.AppStore|iPhone.ActiveCfg = Release|Any CPU
		{967C3C5B-0449-44C9-AEE3-87647427F63B}.AppStore|iPhone.Build.0 = Release|Any CPU
		{967C3C5B-0449-44C9-AEE3-87647427F63B}.AppStore|iPhoneSimulator.ActiveCfg = Release|Any CPU
		{967C3C5B-0449-44C9-AEE3-87647427F63B}.AppStore|iPhoneSimulator.Build.0 = Release|Any CPU
		{967C3C5B-0449-44C9-AEE3-87647427F63B}.AppStore|x64.ActiveCfg = Release|Any CPU
		{967C3C5B-0449-44C9-AEE3-87647427F63B}.AppStore|x64.Build.0 = Release|Any CPU
		{967C3C5B-0449-44C9-AEE3-87647427F63B}.AppStore|x86.ActiveCfg = Release|Any CPU
		{967C3C5B-0449-44C9-AEE3-87647427F63B}.AppStore|x86.Build.0 = Release|Any CPU
		{967C3C5B-0449-44C9-AEE3-87647427F63B}.Debug|Any CPU.ActiveCfg = Debug|Any CPU
		{967C3C5B-0449-44C9-AEE3-87647427F63B}.Debug|Any CPU.Build.0 = Debug|Any CPU
		{967C3C5B-0449-44C9-AEE3-87647427F63B}.Debug|ARM.ActiveCfg = Debug|Any CPU
		{967C3C5B-0449-44C9-AEE3-87647427F63B}.Debug|ARM.Build.0 = Debug|Any CPU
		{967C3C5B-0449-44C9-AEE3-87647427F63B}.Debug|iPhone.ActiveCfg = Debug|Any CPU
		{967C3C5B-0449-44C9-AEE3-87647427F63B}.Debug|iPhone.Build.0 = Debug|Any CPU
		{967C3C5B-0449-44C9-AEE3-87647427F63B}.Debug|iPhoneSimulator.ActiveCfg = Debug|Any CPU
		{967C3C5B-0449-44C9-AEE3-87647427F63B}.Debug|iPhoneSimulator.Build.0 = Debug|Any CPU
		{967C3C5B-0449-44C9-AEE3-87647427F63B}.Debug|x64.ActiveCfg = Debug|Any CPU
		{967C3C5B-0449-44C9-AEE3-87647427F63B}.Debug|x64.Build.0 = Debug|Any CPU
		{967C3C5B-0449-44C9-AEE3-87647427F63B}.Debug|x86.ActiveCfg = Debug|Any CPU
		{967C3C5B-0449-44C9-AEE3-87647427F63B}.Debug|x86.Build.0 = Debug|Any CPU
		{967C3C5B-0449-44C9-AEE3-87647427F63B}.Release|Any CPU.ActiveCfg = Release|Any CPU
		{967C3C5B-0449-44C9-AEE3-87647427F63B}.Release|Any CPU.Build.0 = Release|Any CPU
		{967C3C5B-0449-44C9-AEE3-87647427F63B}.Release|ARM.ActiveCfg = Release|Any CPU
		{967C3C5B-0449-44C9-AEE3-87647427F63B}.Release|ARM.Build.0 = Release|Any CPU
		{967C3C5B-0449-44C9-AEE3-87647427F63B}.Release|iPhone.ActiveCfg = Release|Any CPU
		{967C3C5B-0449-44C9-AEE3-87647427F63B}.Release|iPhone.Build.0 = Release|Any CPU
		{967C3C5B-0449-44C9-AEE3-87647427F63B}.Release|iPhoneSimulator.ActiveCfg = Release|Any CPU
		{967C3C5B-0449-44C9-AEE3-87647427F63B}.Release|iPhoneSimulator.Build.0 = Release|Any CPU
		{967C3C5B-0449-44C9-AEE3-87647427F63B}.Release|x64.ActiveCfg = Release|Any CPU
		{967C3C5B-0449-44C9-AEE3-87647427F63B}.Release|x64.Build.0 = Release|Any CPU
		{967C3C5B-0449-44C9-AEE3-87647427F63B}.Release|x86.ActiveCfg = Release|Any CPU
		{967C3C5B-0449-44C9-AEE3-87647427F63B}.Release|x86.Build.0 = Release|Any CPU
		{D14909D1-94B5-4BAC-8357-5B851058ECD3}.Ad-Hoc|Any CPU.ActiveCfg = Release|Any CPU
		{D14909D1-94B5-4BAC-8357-5B851058ECD3}.Ad-Hoc|Any CPU.Build.0 = Release|Any CPU
		{D14909D1-94B5-4BAC-8357-5B851058ECD3}.Ad-Hoc|ARM.ActiveCfg = Release|Any CPU
		{D14909D1-94B5-4BAC-8357-5B851058ECD3}.Ad-Hoc|ARM.Build.0 = Release|Any CPU
		{D14909D1-94B5-4BAC-8357-5B851058ECD3}.Ad-Hoc|iPhone.ActiveCfg = Release|Any CPU
		{D14909D1-94B5-4BAC-8357-5B851058ECD3}.Ad-Hoc|iPhone.Build.0 = Release|Any CPU
		{D14909D1-94B5-4BAC-8357-5B851058ECD3}.Ad-Hoc|iPhoneSimulator.ActiveCfg = Release|Any CPU
		{D14909D1-94B5-4BAC-8357-5B851058ECD3}.Ad-Hoc|iPhoneSimulator.Build.0 = Release|Any CPU
		{D14909D1-94B5-4BAC-8357-5B851058ECD3}.Ad-Hoc|x64.ActiveCfg = Release|Any CPU
		{D14909D1-94B5-4BAC-8357-5B851058ECD3}.Ad-Hoc|x64.Build.0 = Release|Any CPU
		{D14909D1-94B5-4BAC-8357-5B851058ECD3}.Ad-Hoc|x86.ActiveCfg = Release|Any CPU
		{D14909D1-94B5-4BAC-8357-5B851058ECD3}.Ad-Hoc|x86.Build.0 = Release|Any CPU
		{D14909D1-94B5-4BAC-8357-5B851058ECD3}.AppStore|Any CPU.ActiveCfg = Release|Any CPU
		{D14909D1-94B5-4BAC-8357-5B851058ECD3}.AppStore|Any CPU.Build.0 = Release|Any CPU
		{D14909D1-94B5-4BAC-8357-5B851058ECD3}.AppStore|ARM.ActiveCfg = Release|Any CPU
		{D14909D1-94B5-4BAC-8357-5B851058ECD3}.AppStore|ARM.Build.0 = Release|Any CPU
		{D14909D1-94B5-4BAC-8357-5B851058ECD3}.AppStore|iPhone.ActiveCfg = Release|Any CPU
		{D14909D1-94B5-4BAC-8357-5B851058ECD3}.AppStore|iPhone.Build.0 = Release|Any CPU
		{D14909D1-94B5-4BAC-8357-5B851058ECD3}.AppStore|iPhoneSimulator.ActiveCfg = Release|Any CPU
		{D14909D1-94B5-4BAC-8357-5B851058ECD3}.AppStore|iPhoneSimulator.Build.0 = Release|Any CPU
		{D14909D1-94B5-4BAC-8357-5B851058ECD3}.AppStore|x64.ActiveCfg = Release|Any CPU
		{D14909D1-94B5-4BAC-8357-5B851058ECD3}.AppStore|x64.Build.0 = Release|Any CPU
		{D14909D1-94B5-4BAC-8357-5B851058ECD3}.AppStore|x86.ActiveCfg = Release|Any CPU
		{D14909D1-94B5-4BAC-8357-5B851058ECD3}.AppStore|x86.Build.0 = Release|Any CPU
		{D14909D1-94B5-4BAC-8357-5B851058ECD3}.Debug|Any CPU.ActiveCfg = Debug|Any CPU
		{D14909D1-94B5-4BAC-8357-5B851058ECD3}.Debug|Any CPU.Build.0 = Debug|Any CPU
		{D14909D1-94B5-4BAC-8357-5B851058ECD3}.Debug|ARM.ActiveCfg = Debug|Any CPU
		{D14909D1-94B5-4BAC-8357-5B851058ECD3}.Debug|ARM.Build.0 = Debug|Any CPU
		{D14909D1-94B5-4BAC-8357-5B851058ECD3}.Debug|iPhone.ActiveCfg = Debug|Any CPU
		{D14909D1-94B5-4BAC-8357-5B851058ECD3}.Debug|iPhone.Build.0 = Debug|Any CPU
		{D14909D1-94B5-4BAC-8357-5B851058ECD3}.Debug|iPhoneSimulator.ActiveCfg = Debug|Any CPU
		{D14909D1-94B5-4BAC-8357-5B851058ECD3}.Debug|iPhoneSimulator.Build.0 = Debug|Any CPU
		{D14909D1-94B5-4BAC-8357-5B851058ECD3}.Debug|x64.ActiveCfg = Debug|Any CPU
		{D14909D1-94B5-4BAC-8357-5B851058ECD3}.Debug|x64.Build.0 = Debug|Any CPU
		{D14909D1-94B5-4BAC-8357-5B851058ECD3}.Debug|x86.ActiveCfg = Debug|Any CPU
		{D14909D1-94B5-4BAC-8357-5B851058ECD3}.Debug|x86.Build.0 = Debug|Any CPU
		{D14909D1-94B5-4BAC-8357-5B851058ECD3}.Release|Any CPU.ActiveCfg = Release|Any CPU
		{D14909D1-94B5-4BAC-8357-5B851058ECD3}.Release|Any CPU.Build.0 = Release|Any CPU
		{D14909D1-94B5-4BAC-8357-5B851058ECD3}.Release|ARM.ActiveCfg = Release|Any CPU
		{D14909D1-94B5-4BAC-8357-5B851058ECD3}.Release|ARM.Build.0 = Release|Any CPU
		{D14909D1-94B5-4BAC-8357-5B851058ECD3}.Release|iPhone.ActiveCfg = Release|Any CPU
		{D14909D1-94B5-4BAC-8357-5B851058ECD3}.Release|iPhone.Build.0 = Release|Any CPU
		{D14909D1-94B5-4BAC-8357-5B851058ECD3}.Release|iPhoneSimulator.ActiveCfg = Release|Any CPU
		{D14909D1-94B5-4BAC-8357-5B851058ECD3}.Release|iPhoneSimulator.Build.0 = Release|Any CPU
		{D14909D1-94B5-4BAC-8357-5B851058ECD3}.Release|x64.ActiveCfg = Release|Any CPU
		{D14909D1-94B5-4BAC-8357-5B851058ECD3}.Release|x64.Build.0 = Release|Any CPU
		{D14909D1-94B5-4BAC-8357-5B851058ECD3}.Release|x86.ActiveCfg = Release|Any CPU
		{D14909D1-94B5-4BAC-8357-5B851058ECD3}.Release|x86.Build.0 = Release|Any CPU
		{A59B31A4-7B3A-4E98-A1B7-5D1DC708400C}.Ad-Hoc|Any CPU.ActiveCfg = Release|Any CPU
		{A59B31A4-7B3A-4E98-A1B7-5D1DC708400C}.Ad-Hoc|Any CPU.Build.0 = Release|Any CPU
		{A59B31A4-7B3A-4E98-A1B7-5D1DC708400C}.Ad-Hoc|ARM.ActiveCfg = Release|Any CPU
		{A59B31A4-7B3A-4E98-A1B7-5D1DC708400C}.Ad-Hoc|ARM.Build.0 = Release|Any CPU
		{A59B31A4-7B3A-4E98-A1B7-5D1DC708400C}.Ad-Hoc|iPhone.ActiveCfg = Release|Any CPU
		{A59B31A4-7B3A-4E98-A1B7-5D1DC708400C}.Ad-Hoc|iPhone.Build.0 = Release|Any CPU
		{A59B31A4-7B3A-4E98-A1B7-5D1DC708400C}.Ad-Hoc|iPhoneSimulator.ActiveCfg = Release|Any CPU
		{A59B31A4-7B3A-4E98-A1B7-5D1DC708400C}.Ad-Hoc|iPhoneSimulator.Build.0 = Release|Any CPU
		{A59B31A4-7B3A-4E98-A1B7-5D1DC708400C}.Ad-Hoc|x64.ActiveCfg = Release|Any CPU
		{A59B31A4-7B3A-4E98-A1B7-5D1DC708400C}.Ad-Hoc|x64.Build.0 = Release|Any CPU
		{A59B31A4-7B3A-4E98-A1B7-5D1DC708400C}.Ad-Hoc|x86.ActiveCfg = Release|Any CPU
		{A59B31A4-7B3A-4E98-A1B7-5D1DC708400C}.Ad-Hoc|x86.Build.0 = Release|Any CPU
		{A59B31A4-7B3A-4E98-A1B7-5D1DC708400C}.AppStore|Any CPU.ActiveCfg = Release|Any CPU
		{A59B31A4-7B3A-4E98-A1B7-5D1DC708400C}.AppStore|Any CPU.Build.0 = Release|Any CPU
		{A59B31A4-7B3A-4E98-A1B7-5D1DC708400C}.AppStore|ARM.ActiveCfg = Release|Any CPU
		{A59B31A4-7B3A-4E98-A1B7-5D1DC708400C}.AppStore|ARM.Build.0 = Release|Any CPU
		{A59B31A4-7B3A-4E98-A1B7-5D1DC708400C}.AppStore|iPhone.ActiveCfg = Release|Any CPU
		{A59B31A4-7B3A-4E98-A1B7-5D1DC708400C}.AppStore|iPhone.Build.0 = Release|Any CPU
		{A59B31A4-7B3A-4E98-A1B7-5D1DC708400C}.AppStore|iPhoneSimulator.ActiveCfg = Release|Any CPU
		{A59B31A4-7B3A-4E98-A1B7-5D1DC708400C}.AppStore|iPhoneSimulator.Build.0 = Release|Any CPU
		{A59B31A4-7B3A-4E98-A1B7-5D1DC708400C}.AppStore|x64.ActiveCfg = Release|Any CPU
		{A59B31A4-7B3A-4E98-A1B7-5D1DC708400C}.AppStore|x64.Build.0 = Release|Any CPU
		{A59B31A4-7B3A-4E98-A1B7-5D1DC708400C}.AppStore|x86.ActiveCfg = Release|Any CPU
		{A59B31A4-7B3A-4E98-A1B7-5D1DC708400C}.AppStore|x86.Build.0 = Release|Any CPU
		{A59B31A4-7B3A-4E98-A1B7-5D1DC708400C}.Debug|Any CPU.ActiveCfg = Debug|Any CPU
		{A59B31A4-7B3A-4E98-A1B7-5D1DC708400C}.Debug|Any CPU.Build.0 = Debug|Any CPU
		{A59B31A4-7B3A-4E98-A1B7-5D1DC708400C}.Debug|ARM.ActiveCfg = Debug|Any CPU
		{A59B31A4-7B3A-4E98-A1B7-5D1DC708400C}.Debug|ARM.Build.0 = Debug|Any CPU
		{A59B31A4-7B3A-4E98-A1B7-5D1DC708400C}.Debug|iPhone.ActiveCfg = Debug|Any CPU
		{A59B31A4-7B3A-4E98-A1B7-5D1DC708400C}.Debug|iPhone.Build.0 = Debug|Any CPU
		{A59B31A4-7B3A-4E98-A1B7-5D1DC708400C}.Debug|iPhoneSimulator.ActiveCfg = Debug|Any CPU
		{A59B31A4-7B3A-4E98-A1B7-5D1DC708400C}.Debug|iPhoneSimulator.Build.0 = Debug|Any CPU
		{A59B31A4-7B3A-4E98-A1B7-5D1DC708400C}.Debug|x64.ActiveCfg = Debug|Any CPU
		{A59B31A4-7B3A-4E98-A1B7-5D1DC708400C}.Debug|x64.Build.0 = Debug|Any CPU
		{A59B31A4-7B3A-4E98-A1B7-5D1DC708400C}.Debug|x86.ActiveCfg = Debug|Any CPU
		{A59B31A4-7B3A-4E98-A1B7-5D1DC708400C}.Debug|x86.Build.0 = Debug|Any CPU
		{A59B31A4-7B3A-4E98-A1B7-5D1DC708400C}.Release|Any CPU.ActiveCfg = Release|Any CPU
		{A59B31A4-7B3A-4E98-A1B7-5D1DC708400C}.Release|Any CPU.Build.0 = Release|Any CPU
		{A59B31A4-7B3A-4E98-A1B7-5D1DC708400C}.Release|ARM.ActiveCfg = Release|Any CPU
		{A59B31A4-7B3A-4E98-A1B7-5D1DC708400C}.Release|ARM.Build.0 = Release|Any CPU
		{A59B31A4-7B3A-4E98-A1B7-5D1DC708400C}.Release|iPhone.ActiveCfg = Release|Any CPU
		{A59B31A4-7B3A-4E98-A1B7-5D1DC708400C}.Release|iPhone.Build.0 = Release|Any CPU
		{A59B31A4-7B3A-4E98-A1B7-5D1DC708400C}.Release|iPhoneSimulator.ActiveCfg = Release|Any CPU
		{A59B31A4-7B3A-4E98-A1B7-5D1DC708400C}.Release|iPhoneSimulator.Build.0 = Release|Any CPU
		{A59B31A4-7B3A-4E98-A1B7-5D1DC708400C}.Release|x64.ActiveCfg = Release|Any CPU
		{A59B31A4-7B3A-4E98-A1B7-5D1DC708400C}.Release|x64.Build.0 = Release|Any CPU
		{A59B31A4-7B3A-4E98-A1B7-5D1DC708400C}.Release|x86.ActiveCfg = Release|Any CPU
		{A59B31A4-7B3A-4E98-A1B7-5D1DC708400C}.Release|x86.Build.0 = Release|Any CPU
		{B48E500F-C5A6-4FAB-9B91-366B06D4B548}.Ad-Hoc|Any CPU.ActiveCfg = Release|Any CPU
		{B48E500F-C5A6-4FAB-9B91-366B06D4B548}.Ad-Hoc|Any CPU.Build.0 = Release|Any CPU
		{B48E500F-C5A6-4FAB-9B91-366B06D4B548}.Ad-Hoc|ARM.ActiveCfg = Release|Any CPU
		{B48E500F-C5A6-4FAB-9B91-366B06D4B548}.Ad-Hoc|ARM.Build.0 = Release|Any CPU
		{B48E500F-C5A6-4FAB-9B91-366B06D4B548}.Ad-Hoc|iPhone.ActiveCfg = Release|Any CPU
		{B48E500F-C5A6-4FAB-9B91-366B06D4B548}.Ad-Hoc|iPhone.Build.0 = Release|Any CPU
		{B48E500F-C5A6-4FAB-9B91-366B06D4B548}.Ad-Hoc|iPhoneSimulator.ActiveCfg = Release|Any CPU
		{B48E500F-C5A6-4FAB-9B91-366B06D4B548}.Ad-Hoc|iPhoneSimulator.Build.0 = Release|Any CPU
		{B48E500F-C5A6-4FAB-9B91-366B06D4B548}.Ad-Hoc|x64.ActiveCfg = Release|Any CPU
		{B48E500F-C5A6-4FAB-9B91-366B06D4B548}.Ad-Hoc|x64.Build.0 = Release|Any CPU
		{B48E500F-C5A6-4FAB-9B91-366B06D4B548}.Ad-Hoc|x86.ActiveCfg = Release|Any CPU
		{B48E500F-C5A6-4FAB-9B91-366B06D4B548}.Ad-Hoc|x86.Build.0 = Release|Any CPU
		{B48E500F-C5A6-4FAB-9B91-366B06D4B548}.AppStore|Any CPU.ActiveCfg = Release|Any CPU
		{B48E500F-C5A6-4FAB-9B91-366B06D4B548}.AppStore|Any CPU.Build.0 = Release|Any CPU
		{B48E500F-C5A6-4FAB-9B91-366B06D4B548}.AppStore|ARM.ActiveCfg = Release|Any CPU
		{B48E500F-C5A6-4FAB-9B91-366B06D4B548}.AppStore|ARM.Build.0 = Release|Any CPU
		{B48E500F-C5A6-4FAB-9B91-366B06D4B548}.AppStore|iPhone.ActiveCfg = Release|Any CPU
		{B48E500F-C5A6-4FAB-9B91-366B06D4B548}.AppStore|iPhone.Build.0 = Release|Any CPU
		{B48E500F-C5A6-4FAB-9B91-366B06D4B548}.AppStore|iPhoneSimulator.ActiveCfg = Release|Any CPU
		{B48E500F-C5A6-4FAB-9B91-366B06D4B548}.AppStore|iPhoneSimulator.Build.0 = Release|Any CPU
		{B48E500F-C5A6-4FAB-9B91-366B06D4B548}.AppStore|x64.ActiveCfg = Release|Any CPU
		{B48E500F-C5A6-4FAB-9B91-366B06D4B548}.AppStore|x64.Build.0 = Release|Any CPU
		{B48E500F-C5A6-4FAB-9B91-366B06D4B548}.AppStore|x86.ActiveCfg = Release|Any CPU
		{B48E500F-C5A6-4FAB-9B91-366B06D4B548}.AppStore|x86.Build.0 = Release|Any CPU
		{B48E500F-C5A6-4FAB-9B91-366B06D4B548}.Debug|Any CPU.ActiveCfg = Debug|Any CPU
		{B48E500F-C5A6-4FAB-9B91-366B06D4B548}.Debug|Any CPU.Build.0 = Debug|Any CPU
		{B48E500F-C5A6-4FAB-9B91-366B06D4B548}.Debug|ARM.ActiveCfg = Debug|Any CPU
		{B48E500F-C5A6-4FAB-9B91-366B06D4B548}.Debug|ARM.Build.0 = Debug|Any CPU
		{B48E500F-C5A6-4FAB-9B91-366B06D4B548}.Debug|iPhone.ActiveCfg = Debug|Any CPU
		{B48E500F-C5A6-4FAB-9B91-366B06D4B548}.Debug|iPhone.Build.0 = Debug|Any CPU
		{B48E500F-C5A6-4FAB-9B91-366B06D4B548}.Debug|iPhoneSimulator.ActiveCfg = Debug|Any CPU
		{B48E500F-C5A6-4FAB-9B91-366B06D4B548}.Debug|iPhoneSimulator.Build.0 = Debug|Any CPU
		{B48E500F-C5A6-4FAB-9B91-366B06D4B548}.Debug|x64.ActiveCfg = Debug|Any CPU
		{B48E500F-C5A6-4FAB-9B91-366B06D4B548}.Debug|x64.Build.0 = Debug|Any CPU
		{B48E500F-C5A6-4FAB-9B91-366B06D4B548}.Debug|x86.ActiveCfg = Debug|Any CPU
		{B48E500F-C5A6-4FAB-9B91-366B06D4B548}.Debug|x86.Build.0 = Debug|Any CPU
		{B48E500F-C5A6-4FAB-9B91-366B06D4B548}.Release|Any CPU.ActiveCfg = Release|Any CPU
		{B48E500F-C5A6-4FAB-9B91-366B06D4B548}.Release|Any CPU.Build.0 = Release|Any CPU
		{B48E500F-C5A6-4FAB-9B91-366B06D4B548}.Release|ARM.ActiveCfg = Release|Any CPU
		{B48E500F-C5A6-4FAB-9B91-366B06D4B548}.Release|ARM.Build.0 = Release|Any CPU
		{B48E500F-C5A6-4FAB-9B91-366B06D4B548}.Release|iPhone.ActiveCfg = Release|Any CPU
		{B48E500F-C5A6-4FAB-9B91-366B06D4B548}.Release|iPhone.Build.0 = Release|Any CPU
		{B48E500F-C5A6-4FAB-9B91-366B06D4B548}.Release|iPhoneSimulator.ActiveCfg = Release|Any CPU
		{B48E500F-C5A6-4FAB-9B91-366B06D4B548}.Release|iPhoneSimulator.Build.0 = Release|Any CPU
		{B48E500F-C5A6-4FAB-9B91-366B06D4B548}.Release|x64.ActiveCfg = Release|Any CPU
		{B48E500F-C5A6-4FAB-9B91-366B06D4B548}.Release|x64.Build.0 = Release|Any CPU
		{B48E500F-C5A6-4FAB-9B91-366B06D4B548}.Release|x86.ActiveCfg = Release|Any CPU
		{B48E500F-C5A6-4FAB-9B91-366B06D4B548}.Release|x86.Build.0 = Release|Any CPU
		{CFDD282D-C0E4-48BC-80FD-76A159F05588}.Ad-Hoc|Any CPU.ActiveCfg = Release|Any CPU
		{CFDD282D-C0E4-48BC-80FD-76A159F05588}.Ad-Hoc|Any CPU.Build.0 = Release|Any CPU
		{CFDD282D-C0E4-48BC-80FD-76A159F05588}.Ad-Hoc|ARM.ActiveCfg = Release|Any CPU
		{CFDD282D-C0E4-48BC-80FD-76A159F05588}.Ad-Hoc|ARM.Build.0 = Release|Any CPU
		{CFDD282D-C0E4-48BC-80FD-76A159F05588}.Ad-Hoc|iPhone.ActiveCfg = Release|Any CPU
		{CFDD282D-C0E4-48BC-80FD-76A159F05588}.Ad-Hoc|iPhone.Build.0 = Release|Any CPU
		{CFDD282D-C0E4-48BC-80FD-76A159F05588}.Ad-Hoc|iPhoneSimulator.ActiveCfg = Release|Any CPU
		{CFDD282D-C0E4-48BC-80FD-76A159F05588}.Ad-Hoc|iPhoneSimulator.Build.0 = Release|Any CPU
		{CFDD282D-C0E4-48BC-80FD-76A159F05588}.Ad-Hoc|x64.ActiveCfg = Release|Any CPU
		{CFDD282D-C0E4-48BC-80FD-76A159F05588}.Ad-Hoc|x64.Build.0 = Release|Any CPU
		{CFDD282D-C0E4-48BC-80FD-76A159F05588}.Ad-Hoc|x86.ActiveCfg = Release|Any CPU
		{CFDD282D-C0E4-48BC-80FD-76A159F05588}.Ad-Hoc|x86.Build.0 = Release|Any CPU
		{CFDD282D-C0E4-48BC-80FD-76A159F05588}.AppStore|Any CPU.ActiveCfg = Release|Any CPU
		{CFDD282D-C0E4-48BC-80FD-76A159F05588}.AppStore|Any CPU.Build.0 = Release|Any CPU
		{CFDD282D-C0E4-48BC-80FD-76A159F05588}.AppStore|ARM.ActiveCfg = Release|Any CPU
		{CFDD282D-C0E4-48BC-80FD-76A159F05588}.AppStore|ARM.Build.0 = Release|Any CPU
		{CFDD282D-C0E4-48BC-80FD-76A159F05588}.AppStore|iPhone.ActiveCfg = Release|Any CPU
		{CFDD282D-C0E4-48BC-80FD-76A159F05588}.AppStore|iPhone.Build.0 = Release|Any CPU
		{CFDD282D-C0E4-48BC-80FD-76A159F05588}.AppStore|iPhoneSimulator.ActiveCfg = Release|Any CPU
		{CFDD282D-C0E4-48BC-80FD-76A159F05588}.AppStore|iPhoneSimulator.Build.0 = Release|Any CPU
		{CFDD282D-C0E4-48BC-80FD-76A159F05588}.AppStore|x64.ActiveCfg = Release|Any CPU
		{CFDD282D-C0E4-48BC-80FD-76A159F05588}.AppStore|x64.Build.0 = Release|Any CPU
		{CFDD282D-C0E4-48BC-80FD-76A159F05588}.AppStore|x86.ActiveCfg = Release|Any CPU
		{CFDD282D-C0E4-48BC-80FD-76A159F05588}.AppStore|x86.Build.0 = Release|Any CPU
		{CFDD282D-C0E4-48BC-80FD-76A159F05588}.Debug|Any CPU.ActiveCfg = Debug|Any CPU
		{CFDD282D-C0E4-48BC-80FD-76A159F05588}.Debug|Any CPU.Build.0 = Debug|Any CPU
		{CFDD282D-C0E4-48BC-80FD-76A159F05588}.Debug|ARM.ActiveCfg = Debug|Any CPU
		{CFDD282D-C0E4-48BC-80FD-76A159F05588}.Debug|ARM.Build.0 = Debug|Any CPU
		{CFDD282D-C0E4-48BC-80FD-76A159F05588}.Debug|iPhone.ActiveCfg = Debug|Any CPU
		{CFDD282D-C0E4-48BC-80FD-76A159F05588}.Debug|iPhone.Build.0 = Debug|Any CPU
		{CFDD282D-C0E4-48BC-80FD-76A159F05588}.Debug|iPhoneSimulator.ActiveCfg = Debug|Any CPU
		{CFDD282D-C0E4-48BC-80FD-76A159F05588}.Debug|iPhoneSimulator.Build.0 = Debug|Any CPU
		{CFDD282D-C0E4-48BC-80FD-76A159F05588}.Debug|x64.ActiveCfg = Debug|Any CPU
		{CFDD282D-C0E4-48BC-80FD-76A159F05588}.Debug|x64.Build.0 = Debug|Any CPU
		{CFDD282D-C0E4-48BC-80FD-76A159F05588}.Debug|x86.ActiveCfg = Debug|Any CPU
		{CFDD282D-C0E4-48BC-80FD-76A159F05588}.Debug|x86.Build.0 = Debug|Any CPU
		{CFDD282D-C0E4-48BC-80FD-76A159F05588}.Release|Any CPU.ActiveCfg = Release|Any CPU
		{CFDD282D-C0E4-48BC-80FD-76A159F05588}.Release|Any CPU.Build.0 = Release|Any CPU
		{CFDD282D-C0E4-48BC-80FD-76A159F05588}.Release|ARM.ActiveCfg = Release|Any CPU
		{CFDD282D-C0E4-48BC-80FD-76A159F05588}.Release|ARM.Build.0 = Release|Any CPU
		{CFDD282D-C0E4-48BC-80FD-76A159F05588}.Release|iPhone.ActiveCfg = Release|Any CPU
		{CFDD282D-C0E4-48BC-80FD-76A159F05588}.Release|iPhone.Build.0 = Release|Any CPU
		{CFDD282D-C0E4-48BC-80FD-76A159F05588}.Release|iPhoneSimulator.ActiveCfg = Release|Any CPU
		{CFDD282D-C0E4-48BC-80FD-76A159F05588}.Release|iPhoneSimulator.Build.0 = Release|Any CPU
		{CFDD282D-C0E4-48BC-80FD-76A159F05588}.Release|x64.ActiveCfg = Release|Any CPU
		{CFDD282D-C0E4-48BC-80FD-76A159F05588}.Release|x64.Build.0 = Release|Any CPU
		{CFDD282D-C0E4-48BC-80FD-76A159F05588}.Release|x86.ActiveCfg = Release|Any CPU
		{CFDD282D-C0E4-48BC-80FD-76A159F05588}.Release|x86.Build.0 = Release|Any CPU
	EndGlobalSection
	GlobalSection(SolutionProperties) = preSolution
		HideSolutionNode = FALSE
	EndGlobalSection
	GlobalSection(NestedProjects) = preSolution
		{67F9D3A8-F71E-4428-913F-C37AE82CDB24} = {4AA68903-1C69-48CF-A233-B1378ED68EED}
		{967C3C5B-0449-44C9-AEE3-87647427F63B} = {4AA68903-1C69-48CF-A233-B1378ED68EED}
		{D14909D1-94B5-4BAC-8357-5B851058ECD3} = {4AA68903-1C69-48CF-A233-B1378ED68EED}
		{A59B31A4-7B3A-4E98-A1B7-5D1DC708400C} = {4AA68903-1C69-48CF-A233-B1378ED68EED}
		{B48E500F-C5A6-4FAB-9B91-366B06D4B548} = {4AA68903-1C69-48CF-A233-B1378ED68EED}
		{CFDD282D-C0E4-48BC-80FD-76A159F05588} = {4AA68903-1C69-48CF-A233-B1378ED68EED}
	EndGlobalSection
EndGlobal
